
Microsoft Visual Studio Solution File, Format Version 12.00
# Visual Studio Version 17
VisualStudioVersion = 17.0.31903.59
MinimumVisualStudioVersion = 10.0.40219.1
Project("{FAE04EC0-301F-11D3-BF4B-00C04F79EFBC}") = "API", "API\API.csproj", "{1D4E9F1B-9B94-4F45-B1B1-4C528FF27C28}"
EndProject
Project("{FAE04EC0-301F-11D3-BF4B-00C04F79EFBC}") = "Application", "Application\Application.csproj", "{1D339318-D401-4BF3-B768-66608531E86F}"
EndProject
Project("{FAE04EC0-301F-11D3-BF4B-00C04F79EFBC}") = "Domain", "Domain\Domain.csproj", "{5DCD87E2-E07E-43F1-AE7C-A6F85994DC0A}"
EndProject
Project("{FAE04EC0-301F-11D3-BF4B-00C04F79EFBC}") = "Persistence", "Persistence\Persistence.csproj", "{4A74F96F-D3CE-4DA7-B027-7D0780CAF90A}"
EndProject
Global
	GlobalSection(SolutionConfigurationPlatforms) = preSolution
		Debug|Any CPU = Debug|Any CPU
		Release|Any CPU = Release|Any CPU
	EndGlobalSection
	GlobalSection(SolutionProperties) = preSolution
		HideSolutionNode = FALSE
	EndGlobalSection
	GlobalSection(ProjectConfigurationPlatforms) = postSolution
		{1D4E9F1B-9B94-4F45-B1B1-4C528FF27C28}.Debug|Any CPU.ActiveCfg = Debug|Any CPU
		{1D4E9F1B-9B94-4F45-B1B1-4C528FF27C28}.Debug|Any CPU.Build.0 = Debug|Any CPU
		{1D4E9F1B-9B94-4F45-B1B1-4C528FF27C28}.Release|Any CPU.ActiveCfg = Release|Any CPU
		{1D4E9F1B-9B94-4F45-B1B1-4C528FF27C28}.Release|Any CPU.Build.0 = Release|Any CPU
		{1D339318-D401-4BF3-B768-66608531E86F}.Debug|Any CPU.ActiveCfg = Debug|Any CPU
		{1D339318-D401-4BF3-B768-66608531E86F}.Debug|Any CPU.Build.0 = Debug|Any CPU
		{1D339318-D401-4BF3-B768-66608531E86F}.Release|Any CPU.ActiveCfg = Release|Any CPU
		{1D339318-D401-4BF3-B768-66608531E86F}.Release|Any CPU.Build.0 = Release|Any CPU
		{5DCD87E2-E07E-43F1-AE7C-A6F85994DC0A}.Debug|Any CPU.ActiveCfg = Debug|Any CPU
		{5DCD87E2-E07E-43F1-AE7C-A6F85994DC0A}.Debug|Any CPU.Build.0 = Debug|Any CPU
		{5DCD87E2-E07E-43F1-AE7C-A6F85994DC0A}.Release|Any CPU.ActiveCfg = Release|Any CPU
		{5DCD87E2-E07E-43F1-AE7C-A6F85994DC0A}.Release|Any CPU.Build.0 = Release|Any CPU
		{4A74F96F-D3CE-4DA7-B027-7D0780CAF90A}.Debug|Any CPU.ActiveCfg = Debug|Any CPU
		{4A74F96F-D3CE-4DA7-B027-7D0780CAF90A}.Debug|Any CPU.Build.0 = Debug|Any CPU
		{4A74F96F-D3CE-4DA7-B027-7D0780CAF90A}.Release|Any CPU.ActiveCfg = Release|Any CPU
		{4A74F96F-D3CE-4DA7-B027-7D0780CAF90A}.Release|Any CPU.Build.0 = Release|Any CPU
	EndGlobalSection
EndGlobal
